
Microsoft Visual Studio Solution File, Format Version 12.00
# Visual Studio Version 17
VisualStudioVersion = 17.6.33815.320
MinimumVisualStudioVersion = 10.0.40219.1
Project("{9A19103F-16F7-4668-BE54-9A1E7A4F7556}") = "StringAndStringBuilder", "StringAndStringBuilder\StringAndStringBuilder.csproj", "{C11B8769-9C73-4543-B549-90CEDB412914}"
EndProject
Project("{9A19103F-16F7-4668-BE54-9A1E7A4F7556}") = "Keyword 'ref'", "Keyword 'ref'\Keyword 'ref'.csproj", "{FC5C77FF-FBD0-41E3-A620-9B15C28FD138}"
EndProject
Project("{9A19103F-16F7-4668-BE54-9A1E7A4F7556}") = "Keyword 'ref', 'in', 'out'", "Keyword 'ref', 'in', 'out'\Keyword 'ref', 'in', 'out'.csproj", "{74486791-FA97-467F-97F8-DE155AC33813}"
EndProject
Project("{9A19103F-16F7-4668-BE54-9A1E7A4F7556}") = "Interface", "Interface\Interface.csproj", "{22AD27FC-ADE8-4FB8-9F17-C588E5482498}"
EndProject
Project("{9A19103F-16F7-4668-BE54-9A1E7A4F7556}") = "Properties", "Properties\Properties.csproj", "{A0A30A9F-6223-4916-802D-8677DB571E3C}"
EndProject
Project("{9A19103F-16F7-4668-BE54-9A1E7A4F7556}") = "WashingMachine", "WashingMachine\WashingMachine.csproj", "{FEA04946-ECAE-416F-AF52-29C050E2F274}"
EndProject
Project("{9A19103F-16F7-4668-BE54-9A1E7A4F7556}") = "RecruitmentApp", "RecruitmentApp\RecruitmentApp.csproj", "{203F489A-6CE8-46FF-BEE9-A5394A7DFC48}"
EndProject
Project("{9A19103F-16F7-4668-BE54-9A1E7A4F7556}") = "Accessors {get}{set}", "Accessors {get}{set}\Accessors {get}{set}.csproj", "{4F5E3682-AA83-4A12-9F8B-993B8B2E9899}"
EndProject
Project("{9A19103F-16F7-4668-BE54-9A1E7A4F7556}") = "CoffeMachine", "CoffeMachine\CoffeMachine.csproj", "{4A102259-DB3A-453B-9F68-A509039AE1F5}"
EndProject
Global
	GlobalSection(SolutionConfigurationPlatforms) = preSolution
		Debug|Any CPU = Debug|Any CPU
		Release|Any CPU = Release|Any CPU
	EndGlobalSection
	GlobalSection(ProjectConfigurationPlatforms) = postSolution
		{C11B8769-9C73-4543-B549-90CEDB412914}.Debug|Any CPU.ActiveCfg = Debug|Any CPU
		{C11B8769-9C73-4543-B549-90CEDB412914}.Debug|Any CPU.Build.0 = Debug|Any CPU
		{C11B8769-9C73-4543-B549-90CEDB412914}.Release|Any CPU.ActiveCfg = Release|Any CPU
		{C11B8769-9C73-4543-B549-90CEDB412914}.Release|Any CPU.Build.0 = Release|Any CPU
		{FC5C77FF-FBD0-41E3-A620-9B15C28FD138}.Debug|Any CPU.ActiveCfg = Debug|Any CPU
		{FC5C77FF-FBD0-41E3-A620-9B15C28FD138}.Debug|Any CPU.Build.0 = Debug|Any CPU
		{FC5C77FF-FBD0-41E3-A620-9B15C28FD138}.Release|Any CPU.ActiveCfg = Release|Any CPU
		{FC5C77FF-FBD0-41E3-A620-9B15C28FD138}.Release|Any CPU.Build.0 = Release|Any CPU
		{74486791-FA97-467F-97F8-DE155AC33813}.Debug|Any CPU.ActiveCfg = Debug|Any CPU
		{74486791-FA97-467F-97F8-DE155AC33813}.Debug|Any CPU.Build.0 = Debug|Any CPU
		{74486791-FA97-467F-97F8-DE155AC33813}.Release|Any CPU.ActiveCfg = Release|Any CPU
		{74486791-FA97-467F-97F8-DE155AC33813}.Release|Any CPU.Build.0 = Release|Any CPU
		{22AD27FC-ADE8-4FB8-9F17-C588E5482498}.Debug|Any CPU.ActiveCfg = Debug|Any CPU
		{22AD27FC-ADE8-4FB8-9F17-C588E5482498}.Debug|Any CPU.Build.0 = Debug|Any CPU
		{22AD27FC-ADE8-4FB8-9F17-C588E5482498}.Release|Any CPU.ActiveCfg = Release|Any CPU
		{22AD27FC-ADE8-4FB8-9F17-C588E5482498}.Release|Any CPU.Build.0 = Release|Any CPU
		{A0A30A9F-6223-4916-802D-8677DB571E3C}.Debug|Any CPU.ActiveCfg = Debug|Any CPU
		{A0A30A9F-6223-4916-802D-8677DB571E3C}.Debug|Any CPU.Build.0 = Debug|Any CPU
		{A0A30A9F-6223-4916-802D-8677DB571E3C}.Release|Any CPU.ActiveCfg = Release|Any CPU
		{A0A30A9F-6223-4916-802D-8677DB571E3C}.Release|Any CPU.Build.0 = Release|Any CPU
		{FEA04946-ECAE-416F-AF52-29C050E2F274}.Debug|Any CPU.ActiveCfg = Debug|Any CPU
		{FEA04946-ECAE-416F-AF52-29C050E2F274}.Debug|Any CPU.Build.0 = Debug|Any CPU
		{FEA04946-ECAE-416F-AF52-29C050E2F274}.Release|Any CPU.ActiveCfg = Release|Any CPU
		{FEA04946-ECAE-416F-AF52-29C050E2F274}.Release|Any CPU.Build.0 = Release|Any CPU
		{203F489A-6CE8-46FF-BEE9-A5394A7DFC48}.Debug|Any CPU.ActiveCfg = Debug|Any CPU
		{203F489A-6CE8-46FF-BEE9-A5394A7DFC48}.Debug|Any CPU.Build.0 = Debug|Any CPU
		{203F489A-6CE8-46FF-BEE9-A5394A7DFC48}.Release|Any CPU.ActiveCfg = Release|Any CPU
		{203F489A-6CE8-46FF-BEE9-A5394A7DFC48}.Release|Any CPU.Build.0 = Release|Any CPU
		{4F5E3682-AA83-4A12-9F8B-993B8B2E9899}.Debug|Any CPU.ActiveCfg = Debug|Any CPU
		{4F5E3682-AA83-4A12-9F8B-993B8B2E9899}.Debug|Any CPU.Build.0 = Debug|Any CPU
		{4F5E3682-AA83-4A12-9F8B-993B8B2E9899}.Release|Any CPU.ActiveCfg = Release|Any CPU
		{4F5E3682-AA83-4A12-9F8B-993B8B2E9899}.Release|Any CPU.Build.0 = Release|Any CPU
		{4A102259-DB3A-453B-9F68-A509039AE1F5}.Debug|Any CPU.ActiveCfg = Debug|Any CPU
		{4A102259-DB3A-453B-9F68-A509039AE1F5}.Debug|Any CPU.Build.0 = Debug|Any CPU
		{4A102259-DB3A-453B-9F68-A509039AE1F5}.Release|Any CPU.ActiveCfg = Release|Any CPU
		{4A102259-DB3A-453B-9F68-A509039AE1F5}.Release|Any CPU.Build.0 = Release|Any CPU
	EndGlobalSection
	GlobalSection(SolutionProperties) = preSolution
		HideSolutionNode = FALSE
	EndGlobalSection
	GlobalSection(ExtensibilityGlobals) = postSolution
		SolutionGuid = {F4A45A2C-DD50-4CFA-B3D0-6FA16AC7AF67}
	EndGlobalSection
EndGlobal
